
Microsoft Visual Studio Solution File, Format Version 12.00
# Visual Studio Version 17
VisualStudioVersion = 17.9.34728.123
MinimumVisualStudioVersion = 10.0.40219.1
Project("{FAE04EC0-301F-11D3-BF4B-00C04F79EFBC}") = "c3-AttachedProperties", "c3-AttachedProperties\c3-AttachedProperties.csproj", "{5C8154A9-955D-4C31-9B0B-A6F088278F41}"
EndProject
Global
	GlobalSection(SolutionConfigurationPlatforms) = preSolution
		Debug|Any CPU = Debug|Any CPU
		Release|Any CPU = Release|Any CPU
	EndGlobalSection
	GlobalSection(ProjectConfigurationPlatforms) = postSolution
		{5C8154A9-955D-4C31-9B0B-A6F088278F41}.Debug|Any CPU.ActiveCfg = Debug|Any CPU
		{5C8154A9-955D-4C31-9B0B-A6F088278F41}.Debug|Any CPU.Build.0 = Debug|Any CPU
		{5C8154A9-955D-4C31-9B0B-A6F088278F41}.Debug|Any CPU.Deploy.0 = Debug|Any CPU
		{5C8154A9-955D-4C31-9B0B-A6F088278F41}.Release|Any CPU.ActiveCfg = Release|Any CPU
		{5C8154A9-955D-4C31-9B0B-A6F088278F41}.Release|Any CPU.Build.0 = Release|Any CPU
		{5C8154A9-955D-4C31-9B0B-A6F088278F41}.Release|Any CPU.Deploy.0 = Release|Any CPU
	EndGlobalSection
	GlobalSection(SolutionProperties) = preSolution
		HideSolutionNode = FALSE
	EndGlobalSection
	GlobalSection(ExtensibilityGlobals) = postSolution
		SolutionGuid = {208A6E7D-FE5B-4FEC-B344-9917A8427217}
	EndGlobalSection
EndGlobal
