
Microsoft Visual Studio Solution File, Format Version 12.00
# Visual Studio Version 17
VisualStudioVersion = 17.10.35027.167
MinimumVisualStudioVersion = 10.0.40219.1
Project("{FAE04EC0-301F-11D3-BF4B-00C04F79EFBC}") = "c6-OfflineDataSyncServer", "c6-OfflineDataSync\c6-OfflineDataSyncServer.csproj", "{9C6960B7-3C18-43A5-A786-672B469907D0}"
EndProject
Project("{FAE04EC0-301F-11D3-BF4B-00C04F79EFBC}") = "c6-OfflineDataSyncClient", "c6-OfflineDataSyncClient\c6-OfflineDataSyncClient.csproj", "{109D6B40-EFF5-4209-A172-EB6DC0FA7EDD}"
EndProject
Global
	GlobalSection(SolutionConfigurationPlatforms) = preSolution
		Debug|Any CPU = Debug|Any CPU
		Release|Any CPU = Release|Any CPU
	EndGlobalSection
	GlobalSection(ProjectConfigurationPlatforms) = postSolution
		{9C6960B7-3C18-43A5-A786-672B469907D0}.Debug|Any CPU.ActiveCfg = Debug|Any CPU
		{9C6960B7-3C18-43A5-A786-672B469907D0}.Debug|Any CPU.Build.0 = Debug|Any CPU
		{9C6960B7-3C18-43A5-A786-672B469907D0}.Release|Any CPU.ActiveCfg = Release|Any CPU
		{9C6960B7-3C18-43A5-A786-672B469907D0}.Release|Any CPU.Build.0 = Release|Any CPU
		{109D6B40-EFF5-4209-A172-EB6DC0FA7EDD}.Debug|Any CPU.ActiveCfg = Debug|Any CPU
		{109D6B40-EFF5-4209-A172-EB6DC0FA7EDD}.Debug|Any CPU.Build.0 = Debug|Any CPU
		{109D6B40-EFF5-4209-A172-EB6DC0FA7EDD}.Debug|Any CPU.Deploy.0 = Debug|Any CPU
		{109D6B40-EFF5-4209-A172-EB6DC0FA7EDD}.Release|Any CPU.ActiveCfg = Release|Any CPU
		{109D6B40-EFF5-4209-A172-EB6DC0FA7EDD}.Release|Any CPU.Build.0 = Release|Any CPU
		{109D6B40-EFF5-4209-A172-EB6DC0FA7EDD}.Release|Any CPU.Deploy.0 = Release|Any CPU
	EndGlobalSection
	GlobalSection(SolutionProperties) = preSolution
		HideSolutionNode = FALSE
	EndGlobalSection
	GlobalSection(ExtensibilityGlobals) = postSolution
		SolutionGuid = {681D3644-A0C8-44CB-848E-B99462DA2A47}
	EndGlobalSection
EndGlobal
