
Microsoft Visual Studio Solution File, Format Version 12.00
# Visual Studio Version 17
VisualStudioVersion = 17.10.35027.167
MinimumVisualStudioVersion = 10.0.40219.1
Project("{FAE04EC0-301F-11D3-BF4B-00C04F79EFBC}") = "c6-AIFaceDetection", "c6-AIFaceDetection\c6-AIFaceDetection.csproj", "{4255D87B-9AB5-4184-A07E-C7714F75C69A}"
EndProject
Global
	GlobalSection(SolutionConfigurationPlatforms) = preSolution
		Debug|Any CPU = Debug|Any CPU
		Release|Any CPU = Release|Any CPU
	EndGlobalSection
	GlobalSection(ProjectConfigurationPlatforms) = postSolution
		{4255D87B-9AB5-4184-A07E-C7714F75C69A}.Debug|Any CPU.ActiveCfg = Debug|Any CPU
		{4255D87B-9AB5-4184-A07E-C7714F75C69A}.Debug|Any CPU.Build.0 = Debug|Any CPU
		{4255D87B-9AB5-4184-A07E-C7714F75C69A}.Debug|Any CPU.Deploy.0 = Debug|Any CPU
		{4255D87B-9AB5-4184-A07E-C7714F75C69A}.Release|Any CPU.ActiveCfg = Release|Any CPU
		{4255D87B-9AB5-4184-A07E-C7714F75C69A}.Release|Any CPU.Build.0 = Release|Any CPU
		{4255D87B-9AB5-4184-A07E-C7714F75C69A}.Release|Any CPU.Deploy.0 = Release|Any CPU
	EndGlobalSection
	GlobalSection(SolutionProperties) = preSolution
		HideSolutionNode = FALSE
	EndGlobalSection
	GlobalSection(ExtensibilityGlobals) = postSolution
		SolutionGuid = {92F7F476-3765-4603-A72D-D53E52F4A70B}
	EndGlobalSection
EndGlobal
