
Microsoft Visual Studio Solution File, Format Version 12.00
# Visual Studio Version 17
VisualStudioVersion = 17.10.35027.167
MinimumVisualStudioVersion = 10.0.40219.1
Project("{FAE04EC0-301F-11D3-BF4B-00C04F79EFBC}") = "c6-FileUploading", "c6-FileUploading\c6-FileUploading.csproj", "{EF47324F-F213-40A0-B979-0E14C96A3AD6}"
EndProject
Project("{FAE04EC0-301F-11D3-BF4B-00C04F79EFBC}") = "c6-FileUploadingClient", "c6-FileUploadingClient\c6-FileUploadingClient.csproj", "{E1E6AB67-DBD1-4958-9855-171CC717E7BC}"
EndProject
Global
	GlobalSection(SolutionConfigurationPlatforms) = preSolution
		Debug|Any CPU = Debug|Any CPU
		Release|Any CPU = Release|Any CPU
	EndGlobalSection
	GlobalSection(ProjectConfigurationPlatforms) = postSolution
		{EF47324F-F213-40A0-B979-0E14C96A3AD6}.Debug|Any CPU.ActiveCfg = Debug|Any CPU
		{EF47324F-F213-40A0-B979-0E14C96A3AD6}.Debug|Any CPU.Build.0 = Debug|Any CPU
		{EF47324F-F213-40A0-B979-0E14C96A3AD6}.Release|Any CPU.ActiveCfg = Release|Any CPU
		{EF47324F-F213-40A0-B979-0E14C96A3AD6}.Release|Any CPU.Build.0 = Release|Any CPU
		{E1E6AB67-DBD1-4958-9855-171CC717E7BC}.Debug|Any CPU.ActiveCfg = Debug|Any CPU
		{E1E6AB67-DBD1-4958-9855-171CC717E7BC}.Debug|Any CPU.Build.0 = Debug|Any CPU
		{E1E6AB67-DBD1-4958-9855-171CC717E7BC}.Debug|Any CPU.Deploy.0 = Debug|Any CPU
		{E1E6AB67-DBD1-4958-9855-171CC717E7BC}.Release|Any CPU.ActiveCfg = Release|Any CPU
		{E1E6AB67-DBD1-4958-9855-171CC717E7BC}.Release|Any CPU.Build.0 = Release|Any CPU
		{E1E6AB67-DBD1-4958-9855-171CC717E7BC}.Release|Any CPU.Deploy.0 = Release|Any CPU
	EndGlobalSection
	GlobalSection(SolutionProperties) = preSolution
		HideSolutionNode = FALSE
	EndGlobalSection
	GlobalSection(ExtensibilityGlobals) = postSolution
		SolutionGuid = {F5073AEA-2589-44B2-AE5A-37DE908978E2}
	EndGlobalSection
EndGlobal
