
Microsoft Visual Studio Solution File, Format Version 12.00
# Visual Studio Version 17
VisualStudioVersion = 17.10.35027.167
MinimumVisualStudioVersion = 10.0.40219.1
Project("{FAE04EC0-301F-11D3-BF4B-00C04F79EFBC}") = "с7-CustomizeExistingHandler", "с7-CustomizeExistingHandler\с7-CustomizeExistingHandler.csproj", "{27E7C22B-0D78-49BF-9C8B-FCFE7B108C94}"
EndProject
Global
	GlobalSection(SolutionConfigurationPlatforms) = preSolution
		Debug|Any CPU = Debug|Any CPU
		Release|Any CPU = Release|Any CPU
	EndGlobalSection
	GlobalSection(ProjectConfigurationPlatforms) = postSolution
		{27E7C22B-0D78-49BF-9C8B-FCFE7B108C94}.Debug|Any CPU.ActiveCfg = Debug|Any CPU
		{27E7C22B-0D78-49BF-9C8B-FCFE7B108C94}.Debug|Any CPU.Build.0 = Debug|Any CPU
		{27E7C22B-0D78-49BF-9C8B-FCFE7B108C94}.Debug|Any CPU.Deploy.0 = Debug|Any CPU
		{27E7C22B-0D78-49BF-9C8B-FCFE7B108C94}.Release|Any CPU.ActiveCfg = Release|Any CPU
		{27E7C22B-0D78-49BF-9C8B-FCFE7B108C94}.Release|Any CPU.Build.0 = Release|Any CPU
		{27E7C22B-0D78-49BF-9C8B-FCFE7B108C94}.Release|Any CPU.Deploy.0 = Release|Any CPU
	EndGlobalSection
	GlobalSection(SolutionProperties) = preSolution
		HideSolutionNode = FALSE
	EndGlobalSection
	GlobalSection(ExtensibilityGlobals) = postSolution
		SolutionGuid = {567E67BD-7820-4327-92CE-066F1D441C65}
	EndGlobalSection
EndGlobal
