
Microsoft Visual Studio Solution File, Format Version 12.00
# Visual Studio Version 17
VisualStudioVersion = 17.9.34728.123
MinimumVisualStudioVersion = 10.0.40219.1
Project("{FAE04EC0-301F-11D3-BF4B-00C04F79EFBC}") = "c1-GridLayouts", "c1-GridLayouts\c1-GridLayouts.csproj", "{7F9AAD9D-43BF-4054-940E-5FF1B2D22222}"
EndProject
Global
	GlobalSection(SolutionConfigurationPlatforms) = preSolution
		Debug|Any CPU = Debug|Any CPU
		Release|Any CPU = Release|Any CPU
	EndGlobalSection
	GlobalSection(ProjectConfigurationPlatforms) = postSolution
		{7F9AAD9D-43BF-4054-940E-5FF1B2D22222}.Debug|Any CPU.ActiveCfg = Debug|Any CPU
		{7F9AAD9D-43BF-4054-940E-5FF1B2D22222}.Debug|Any CPU.Build.0 = Debug|Any CPU
		{7F9AAD9D-43BF-4054-940E-5FF1B2D22222}.Debug|Any CPU.Deploy.0 = Debug|Any CPU
		{7F9AAD9D-43BF-4054-940E-5FF1B2D22222}.Release|Any CPU.ActiveCfg = Release|Any CPU
		{7F9AAD9D-43BF-4054-940E-5FF1B2D22222}.Release|Any CPU.Build.0 = Release|Any CPU
		{7F9AAD9D-43BF-4054-940E-5FF1B2D22222}.Release|Any CPU.Deploy.0 = Release|Any CPU
	EndGlobalSection
	GlobalSection(SolutionProperties) = preSolution
		HideSolutionNode = FALSE
	EndGlobalSection
	GlobalSection(ExtensibilityGlobals) = postSolution
		SolutionGuid = {154B6BC6-732D-4184-9624-74A14190874C}
	EndGlobalSection
EndGlobal
