
Microsoft Visual Studio Solution File, Format Version 12.00
# Visual Studio Version 17
VisualStudioVersion = 17.9.34728.123
MinimumVisualStudioVersion = 10.0.40219.1
Project("{FAE04EC0-301F-11D3-BF4B-00C04F79EFBC}") = "c3-CustomAnimations", "c3-CustomAnimations\c3-CustomAnimations.csproj", "{D1EE091F-08A6-410A-ADD3-CF802262C153}"
EndProject
Global
	GlobalSection(SolutionConfigurationPlatforms) = preSolution
		Debug|Any CPU = Debug|Any CPU
		Release|Any CPU = Release|Any CPU
	EndGlobalSection
	GlobalSection(ProjectConfigurationPlatforms) = postSolution
		{D1EE091F-08A6-410A-ADD3-CF802262C153}.Debug|Any CPU.ActiveCfg = Debug|Any CPU
		{D1EE091F-08A6-410A-ADD3-CF802262C153}.Debug|Any CPU.Build.0 = Debug|Any CPU
		{D1EE091F-08A6-410A-ADD3-CF802262C153}.Debug|Any CPU.Deploy.0 = Debug|Any CPU
		{D1EE091F-08A6-410A-ADD3-CF802262C153}.Release|Any CPU.ActiveCfg = Release|Any CPU
		{D1EE091F-08A6-410A-ADD3-CF802262C153}.Release|Any CPU.Build.0 = Release|Any CPU
		{D1EE091F-08A6-410A-ADD3-CF802262C153}.Release|Any CPU.Deploy.0 = Release|Any CPU
	EndGlobalSection
	GlobalSection(SolutionProperties) = preSolution
		HideSolutionNode = FALSE
	EndGlobalSection
	GlobalSection(ExtensibilityGlobals) = postSolution
		SolutionGuid = {5959CA9C-9AFA-4664-B924-9017BEEBFA9C}
	EndGlobalSection
EndGlobal
