
Microsoft Visual Studio Solution File, Format Version 12.00
# Visual Studio Version 17
VisualStudioVersion = 17.9.34728.123
MinimumVisualStudioVersion = 10.0.40219.1
Project("{FAE04EC0-301F-11D3-BF4B-00C04F79EFBC}") = "c1-CustomLayout", "c1-CustomLayout\c1-CustomLayout.csproj", "{73F6E05A-F7DC-4534-A440-4023E126DCCA}"
EndProject
Global
	GlobalSection(SolutionConfigurationPlatforms) = preSolution
		Debug|Any CPU = Debug|Any CPU
		Release|Any CPU = Release|Any CPU
	EndGlobalSection
	GlobalSection(ProjectConfigurationPlatforms) = postSolution
		{73F6E05A-F7DC-4534-A440-4023E126DCCA}.Debug|Any CPU.ActiveCfg = Debug|Any CPU
		{73F6E05A-F7DC-4534-A440-4023E126DCCA}.Debug|Any CPU.Build.0 = Debug|Any CPU
		{73F6E05A-F7DC-4534-A440-4023E126DCCA}.Debug|Any CPU.Deploy.0 = Debug|Any CPU
		{73F6E05A-F7DC-4534-A440-4023E126DCCA}.Release|Any CPU.ActiveCfg = Release|Any CPU
		{73F6E05A-F7DC-4534-A440-4023E126DCCA}.Release|Any CPU.Build.0 = Release|Any CPU
		{73F6E05A-F7DC-4534-A440-4023E126DCCA}.Release|Any CPU.Deploy.0 = Release|Any CPU
	EndGlobalSection
	GlobalSection(SolutionProperties) = preSolution
		HideSolutionNode = FALSE
	EndGlobalSection
	GlobalSection(ExtensibilityGlobals) = postSolution
		SolutionGuid = {35D34109-A1CD-4F8F-86DA-1B6EC9FAE931}
	EndGlobalSection
EndGlobal
