
Microsoft Visual Studio Solution File, Format Version 12.00
# Visual Studio Version 17
VisualStudioVersion = 17.9.34728.123
MinimumVisualStudioVersion = 10.0.40219.1
Project("{9A19103F-16F7-4668-BE54-9A1E7A4F7556}") = "c3-CustomDrawing", "c3-CustomDrawing\c3-CustomDrawing.csproj", "{732ADBDA-B779-4F53-AA28-8CFEA4F365DF}"
EndProject
Global
	GlobalSection(SolutionConfigurationPlatforms) = preSolution
		Debug|Any CPU = Debug|Any CPU
		Release|Any CPU = Release|Any CPU
	EndGlobalSection
	GlobalSection(ProjectConfigurationPlatforms) = postSolution
		{732ADBDA-B779-4F53-AA28-8CFEA4F365DF}.Debug|Any CPU.ActiveCfg = Debug|Any CPU
		{732ADBDA-B779-4F53-AA28-8CFEA4F365DF}.Debug|Any CPU.Build.0 = Debug|Any CPU
		{732ADBDA-B779-4F53-AA28-8CFEA4F365DF}.Debug|Any CPU.Deploy.0 = Debug|Any CPU
		{732ADBDA-B779-4F53-AA28-8CFEA4F365DF}.Release|Any CPU.ActiveCfg = Release|Any CPU
		{732ADBDA-B779-4F53-AA28-8CFEA4F365DF}.Release|Any CPU.Build.0 = Release|Any CPU
		{732ADBDA-B779-4F53-AA28-8CFEA4F365DF}.Release|Any CPU.Deploy.0 = Release|Any CPU
	EndGlobalSection
	GlobalSection(SolutionProperties) = preSolution
		HideSolutionNode = FALSE
	EndGlobalSection
	GlobalSection(ExtensibilityGlobals) = postSolution
		SolutionGuid = {370CF7FD-C96E-4138-B736-38311C975B98}
	EndGlobalSection
EndGlobal
