
Microsoft Visual Studio Solution File, Format Version 12.00
# Visual Studio Version 17
VisualStudioVersion = 17.10.35027.167
MinimumVisualStudioVersion = 10.0.40219.1
Project("{FAE04EC0-301F-11D3-BF4B-00C04F79EFBC}") = "c5-AuthenticationService", "c5-AuthenticationService\c5-AuthenticationService.csproj", "{35BF56A3-6F92-4D1D-BD05-ADDEEC3357EB}"
EndProject
Global
	GlobalSection(SolutionConfigurationPlatforms) = preSolution
		Debug|Any CPU = Debug|Any CPU
		Release|Any CPU = Release|Any CPU
	EndGlobalSection
	GlobalSection(ProjectConfigurationPlatforms) = postSolution
		{35BF56A3-6F92-4D1D-BD05-ADDEEC3357EB}.Debug|Any CPU.ActiveCfg = Debug|Any CPU
		{35BF56A3-6F92-4D1D-BD05-ADDEEC3357EB}.Debug|Any CPU.Build.0 = Debug|Any CPU
		{35BF56A3-6F92-4D1D-BD05-ADDEEC3357EB}.Release|Any CPU.ActiveCfg = Release|Any CPU
		{35BF56A3-6F92-4D1D-BD05-ADDEEC3357EB}.Release|Any CPU.Build.0 = Release|Any CPU
	EndGlobalSection
	GlobalSection(SolutionProperties) = preSolution
		HideSolutionNode = FALSE
	EndGlobalSection
	GlobalSection(ExtensibilityGlobals) = postSolution
		SolutionGuid = {5661AC95-1D22-4719-B516-A15D1DFBE9A0}
	EndGlobalSection
EndGlobal
