
Microsoft Visual Studio Solution File, Format Version 12.00
# Visual Studio Version 17
VisualStudioVersion = 17.10.35027.167
MinimumVisualStudioVersion = 10.0.40219.1
Project("{FAE04EC0-301F-11D3-BF4B-00C04F79EFBC}") = "c7-DerivedHandler", "c7-DerivedHandler\c7-DerivedHandler.csproj", "{D94AD73D-065B-40FB-B8ED-3B1E1E83014C}"
EndProject
Global
	GlobalSection(SolutionConfigurationPlatforms) = preSolution
		Debug|Any CPU = Debug|Any CPU
		Release|Any CPU = Release|Any CPU
	EndGlobalSection
	GlobalSection(ProjectConfigurationPlatforms) = postSolution
		{D94AD73D-065B-40FB-B8ED-3B1E1E83014C}.Debug|Any CPU.ActiveCfg = Debug|Any CPU
		{D94AD73D-065B-40FB-B8ED-3B1E1E83014C}.Debug|Any CPU.Build.0 = Debug|Any CPU
		{D94AD73D-065B-40FB-B8ED-3B1E1E83014C}.Debug|Any CPU.Deploy.0 = Debug|Any CPU
		{D94AD73D-065B-40FB-B8ED-3B1E1E83014C}.Release|Any CPU.ActiveCfg = Release|Any CPU
		{D94AD73D-065B-40FB-B8ED-3B1E1E83014C}.Release|Any CPU.Build.0 = Release|Any CPU
		{D94AD73D-065B-40FB-B8ED-3B1E1E83014C}.Release|Any CPU.Deploy.0 = Release|Any CPU
	EndGlobalSection
	GlobalSection(SolutionProperties) = preSolution
		HideSolutionNode = FALSE
	EndGlobalSection
	GlobalSection(ExtensibilityGlobals) = postSolution
		SolutionGuid = {B592AECD-32BF-4691-8C8B-2860140FB924}
	EndGlobalSection
EndGlobal
