
Microsoft Visual Studio Solution File, Format Version 12.00
# Visual Studio Version 17
VisualStudioVersion = 17.10.35027.167
MinimumVisualStudioVersion = 10.0.40219.1
Project("{FAE04EC0-301F-11D3-BF4B-00C04F79EFBC}") = "c7-ConditionalCompilation", "c7-ConditionalCompilation\c7-ConditionalCompilation.csproj", "{9F0ED688-ED76-4172-B06C-8E5E8B9FE743}"
EndProject
Global
	GlobalSection(SolutionConfigurationPlatforms) = preSolution
		Debug|Any CPU = Debug|Any CPU
		Release|Any CPU = Release|Any CPU
	EndGlobalSection
	GlobalSection(ProjectConfigurationPlatforms) = postSolution
		{9F0ED688-ED76-4172-B06C-8E5E8B9FE743}.Debug|Any CPU.ActiveCfg = Debug|Any CPU
		{9F0ED688-ED76-4172-B06C-8E5E8B9FE743}.Debug|Any CPU.Build.0 = Debug|Any CPU
		{9F0ED688-ED76-4172-B06C-8E5E8B9FE743}.Debug|Any CPU.Deploy.0 = Debug|Any CPU
		{9F0ED688-ED76-4172-B06C-8E5E8B9FE743}.Release|Any CPU.ActiveCfg = Release|Any CPU
		{9F0ED688-ED76-4172-B06C-8E5E8B9FE743}.Release|Any CPU.Build.0 = Release|Any CPU
		{9F0ED688-ED76-4172-B06C-8E5E8B9FE743}.Release|Any CPU.Deploy.0 = Release|Any CPU
	EndGlobalSection
	GlobalSection(SolutionProperties) = preSolution
		HideSolutionNode = FALSE
	EndGlobalSection
	GlobalSection(ExtensibilityGlobals) = postSolution
		SolutionGuid = {B4D02CE9-D18B-4E29-B6E9-909A68D1D3D4}
	EndGlobalSection
EndGlobal
